
Microsoft Visual Studio Solution File, Format Version 12.00
# Visual Studio Version 16
VisualStudioVersion = 16.0.30907.101
MinimumVisualStudioVersion = 10.0.40219.1
Project("{8BC9CEB8-8B4A-11D0-8D11-00A0C91BC942}") = "ddkv", "ddkv.vcxproj", "{F60A9CB3-F95B-4624-AAEE-FB33F58E5C75}"
EndProject
Global
	GlobalSection(SolutionConfigurationPlatforms) = preSolution
		Debug|x64 = Debug|x64
		Release|x64 = Release|x64
	EndGlobalSection
	GlobalSection(ProjectConfigurationPlatforms) = postSolution
		{F60A9CB3-F95B-4624-AAEE-FB33F58E5C75}.Debug|x64.ActiveCfg = Debug|x64
		{F60A9CB3-F95B-4624-AAEE-FB33F58E5C75}.Debug|x64.Build.0 = Debug|x64
		{F60A9CB3-F95B-4624-AAEE-FB33F58E5C75}.Debug|x64.Deploy.0 = Debug|x64
		{F60A9CB3-F95B-4624-AAEE-FB33F58E5C75}.Release|x64.ActiveCfg = Release|x64
		{F60A9CB3-F95B-4624-AAEE-FB33F58E5C75}.Release|x64.Build.0 = Release|x64
		{F60A9CB3-F95B-4624-AAEE-FB33F58E5C75}.Release|x64.Deploy.0 = Release|x64
	EndGlobalSection
	GlobalSection(SolutionProperties) = preSolution
		HideSolutionNode = FALSE
	EndGlobalSection
	GlobalSection(ExtensibilityGlobals) = postSolution
		SolutionGuid = {9677292E-0986-42D9-844C-693ED92294CC}
	EndGlobalSection
EndGlobal
